
Microsoft Visual Studio Solution File, Format Version 12.00
# Visual Studio 2013
Project("{FAE04EC0-301F-11D3-BF4B-00C04F79EFBC}") = "UnityVS.TurnBasedStrat.CSharp", "UnityVS.TurnBasedStrat.CSharp.csproj", "{E22226F2-EC90-0EF5-3374-7D7E872056B1}"
EndProject
Project("{FAE04EC0-301F-11D3-BF4B-00C04F79EFBC}") = "UnityVS.TurnBasedStrat.CSharp.Plugins", "UnityVS.TurnBasedStrat.CSharp.Plugins.csproj", "{4B7A1005-7D25-5F76-7AB5-7CA5490942D1}"
EndProject
Global
	GlobalSection(SolutionConfigurationPlatforms) = preSolution
		Debug|Any CPU = Debug|Any CPU
		Release|Any CPU = Release|Any CPU
	EndGlobalSection
	GlobalSection(ProjectConfigurationPlatforms) = postSolution
		{E22226F2-EC90-0EF5-3374-7D7E872056B1}.Debug|Any CPU.ActiveCfg = Debug|Any CPU
		{E22226F2-EC90-0EF5-3374-7D7E872056B1}.Debug|Any CPU.Build.0 = Debug|Any CPU
		{E22226F2-EC90-0EF5-3374-7D7E872056B1}.Release|Any CPU.ActiveCfg = Release|Any CPU
		{E22226F2-EC90-0EF5-3374-7D7E872056B1}.Release|Any CPU.Build.0 = Release|Any CPU
		{4B7A1005-7D25-5F76-7AB5-7CA5490942D1}.Debug|Any CPU.ActiveCfg = Debug|Any CPU
		{4B7A1005-7D25-5F76-7AB5-7CA5490942D1}.Debug|Any CPU.Build.0 = Debug|Any CPU
		{4B7A1005-7D25-5F76-7AB5-7CA5490942D1}.Release|Any CPU.ActiveCfg = Release|Any CPU
		{4B7A1005-7D25-5F76-7AB5-7CA5490942D1}.Release|Any CPU.Build.0 = Release|Any CPU
	EndGlobalSection
	GlobalSection(SolutionProperties) = preSolution
		HideSolutionNode = FALSE
	EndGlobalSection
EndGlobal
